github.com/gobeam/stringy v0.0.6 h1:IboItevQArUAYUbjb7xmtGoJfN5Aqpk3/bVCd7JgWe0=
github.com/gobeam/stringy v0.0.6/go.mod h1:W3620X9dJHf2FSZF5fRnWekHcHQjwmCz8ZQ2d1qloqE=
github.com/iancoleman/strcase v0.3.0 h1:nTXanmYxhfFAMjZL34Ov6gkzEsSJZ5DbhxWjvSASxEI=
github.com/iancoleman/strcase v0.3.0/go.mod h1:iwCmte+B7n89clKwxIoIXy/HfoL7AsD47ZCWhYzw7ho=
